{
  "version": 4,
  "terraform_version": "1.12.2",
  "serial": 4,
  "lineage": "a89f57bf-c98d-8b31-5efd-04f1053cce46",
  "outputs": {
    "droplet_ip": {
      "value": "165.22.44.129",
      "type": "string"
    }
  },
  "resources": [
    {
      "mode": "managed",
      "type": "digitalocean_droplet",
      "name": "web",
      "provider": "provider[\"registry.terraform.io/digitalocean/digitalocean\"]",
      "instances": [
        {
          "schema_version": 1,
          "attributes": {
            "backup_policy": [],
            "backups": false,
            "created_at": "2025-06-26T12:02:09Z",
            "disk": 25,
            "droplet_agent": null,
            "graceful_shutdown": false,
            "id": "504495461",
            "image": "docker-20-04",
            "ipv4_address": "165.22.44.129",
            "ipv4_address_private": "10.108.0.2",
            "ipv6": true,
            "ipv6_address": "2604:a880:800:14:0:1:62e1:4000",
            "locked": false,
            "memory": 1024,
            "monitoring": true,
            "name": "topiciq-droplet",
            "price_hourly": 0.00893,
            "price_monthly": 6,
            "private_networking": true,
            "region": "nyc3",
            "resize_disk": true,
            "size": "s-1vcpu-1gb",
            "ssh_keys": [
              "48805468"
            ],
            "status": "active",
            "tags": [
              "web"
            ],
            "timeouts": null,
            "urn": "do:droplet:504495461",
            "user_data": null,
            "vcpus": 1,
            "volume_ids": [],
            "vpc_uuid": "16ba34f9-3ca8-4b45-8b5d-aca63eb8b53a"
          },
          "sensitive_attributes": [],
          "identity_schema_version": 0,
          "private": "eyJlMmJmYjczMC1lY2FhLTExZTYtOGY4OC0zNDM2M2JjN2M0YzAiOnsiY3JlYXRlIjozNjAwMDAwMDAwMDAwLCJkZWxldGUiOjYwMDAwMDAwMDAwLCJ1cGRhdGUiOjM2MDAwMDAwMDAwMDB9LCJzY2hlbWFfdmVyc2lvbiI6IjEifQ==",
          "dependencies": [
            "digitalocean_ssh_key.default"
          ]
        }
      ]
    },
    {
      "mode": "managed",
      "type": "digitalocean_ssh_key",
      "name": "default",
      "provider": "provider[\"registry.terraform.io/digitalocean/digitalocean\"]",
      "instances": [
        {
          "schema_version": 0,
          "attributes": {
            "fingerprint": "a4:d3:ce:71:07:4c:13:13:e6:88:ba:77:83:98:03:e9",
            "id": "48805468",
            "name": "topiciq-key",
            "public_key": "ssh-rsa AAAAB3NzaC1yc2EAAAADAQABAAACAQC+MDzpwf4GjIj1Y4m1sjwTW8gHJRlYEIU6fURtIjmd/4tNz6uNAIi56Ogql8PTyjY/YRKXrMkdZIHEP4N0sQJrBsJcXRQQBR5kE2E7/b27aAF7+Pvx8iuNKYl0bqe9vHV8uQJKnaCDbq9EF/0L8ouh1bgyRVvAu9yr+xqrWN6I4dqwLzAvdSnKQutqviTCGJ8QV31XGI2fAByOT9LJivTZgPC+TH802oVTCsjvV/4oBJvDOajrAxjabpi1owiNEdsAE0pYeWCkiCRmuoSXNwKU6C971WCuXXfsbB5+XzYQzvACGtEO/cFR3JBAzdFI6GxN65+6nQ7qI/H5j8U6GlgaxKJ8XPM9/l0G/ElDemF6KnB0DCcOu7frusHP2YpLdtUscDML5coUhgNIHT00L0eZjfC8K2YhAO7/wCeGSL9NMeNz8ixXq8bTzBE2bmEmEairz0cMcxu749qOYZtTpy781tYU1zSzfZiwMqZf+SKU0lTIxHTozsICY3wVH/FscA9MVKaSMsCkm07iwTrsxllrPLwno2edcyRI4HE+vg0opQyZ72dC2wzv+/aDDea7DFlTulwkAVDbrUhZ4/0lY4U24WUoDOSoyCYiXgAgIkDlBESXkq4yVfAaa++FCMcnsT9ihx3CafxD8ttkIJhXBi0LeZ1rhUsYhXRDl1YC90Fx8w== topic-iq-key",
            "timeouts": null
          },
          "sensitive_attributes": [],
          "identity_schema_version": 0,
          "private": "eyJlMmJmYjczMC1lY2FhLTExZTYtOGY4OC0zNDM2M2JjN2M0YzAiOnsiY3JlYXRlIjoxMjAwMDAwMDAwMDB9LCJzY2hlbWFfdmVyc2lvbiI6IjAifQ=="
        }
      ]
    }
  ],
  "check_results": null
}
